{
  "name": "@runette/ngx-leaflet-locate",
  "version": "1.0.0",
  "lockfileVersion": 1,
  "requires": true,
  "dependencies": {
    "@types/geojson": {
      "version": "7946.0.7",
      "resolved": "https://registry.npmjs.org/@types/geojson/-/geojson-7946.0.7.tgz",
      "integrity": "sha512-wE2v81i4C4Ol09RtsWFAqg3BUitWbHSpSlIo+bNdsCJijO9sjme+zm+73ZMCa/qMC8UEERxzGbvmr1cffo2SiQ=="
    },
    "@types/leaflet": {
      "version": "1.5.6",
      "resolved": "https://registry.npmjs.org/@types/leaflet/-/leaflet-1.5.6.tgz",
      "integrity": "sha512-a9gVDwmNNalKrsU124kS7Lv9eo0z95CCMJu1Fp7l+A+EQ7Vv0UJ7LFkjaxu176ebUOBDEqvjn7A2vrlq5kLtkw==",
      "requires": {
        "@types/geojson": "*"
      }
    },
    "@types/leaflet.locatecontrol": {
      "version": "0.60.7",
      "resolved": "https://registry.npmjs.org/@types/leaflet.locatecontrol/-/leaflet.locatecontrol-0.60.7.tgz",
      "integrity": "sha512-sac/MeK4gB+3XTJ3JzCe3HqLwKNHblIpZrxUJ6FapWK8uISZ0wcy8motVO7+v/yO47tQgsnYaobwFZ//beWHBQ==",
      "requires": {
        "@types/leaflet": "*"
      }
    },
    "leaflet.locatecontrol": {
      "version": "0.68.0",
      "resolved": "https://registry.npmjs.org/leaflet.locatecontrol/-/leaflet.locatecontrol-0.68.0.tgz",
      "integrity": "sha512-jXJCpBvkyH6shjPEOK/DWu/tKX/WdkNeO96jyPrnGelYp9u6wSDj4V1V4aX9+CMTIrEyVB4/4XuU+T7VTRpb6w=="
    }
  }
}
